
Microsoft Visual Studio Solution File, Format Version 12.00
# Visual Studio 15
VisualStudioVersion = 15.0.27703.2026
MinimumVisualStudioVersion = 10.0.40219.1
Project("{FAE04EC0-301F-11D3-BF4B-00C04F79EFBC}") = "WebApp", "WebApp\WebApp.csproj", "{6C80C4F7-D7F6-4241-A989-CB0008C44946}"
EndProject
Global
	GlobalSection(SolutionConfigurationPlatforms) = preSolution
		Debug|Any CPU = Debug|Any CPU
		Release|Any CPU = Release|Any CPU
	EndGlobalSection
	GlobalSection(ProjectConfigurationPlatforms) = postSolution
		{6C80C4F7-D7F6-4241-A989-CB0008C44946}.Debug|Any CPU.ActiveCfg = Debug|Any CPU
		{6C80C4F7-D7F6-4241-A989-CB0008C44946}.Debug|Any CPU.Build.0 = Debug|Any CPU
		{6C80C4F7-D7F6-4241-A989-CB0008C44946}.Release|Any CPU.ActiveCfg = Release|Any CPU
		{6C80C4F7-D7F6-4241-A989-CB0008C44946}.Release|Any CPU.Build.0 = Release|Any CPU
	EndGlobalSection
	GlobalSection(SolutionProperties) = preSolution
		HideSolutionNode = FALSE
	EndGlobalSection
	GlobalSection(ExtensibilityGlobals) = postSolution
		SolutionGuid = {6BF5C7FE-2E6F-4B95-86BA-ADCA72700F86}
	EndGlobalSection
EndGlobal
