
Microsoft Visual Studio Solution File, Format Version 12.00
# Visual Studio 15
VisualStudioVersion = 15.0.28307.271
MinimumVisualStudioVersion = 10.0.40219.1
Project("{FAE04EC0-301F-11D3-BF4B-00C04F79EFBC}") = "KyleTryhubaWebApp", "KyleTryhubaWebApp\KyleTryhubaWebApp.csproj", "{F723F510-373C-434B-8830-C25215F53EF6}"
EndProject
Global
	GlobalSection(SolutionConfigurationPlatforms) = preSolution
		Debug|Any CPU = Debug|Any CPU
		Release|Any CPU = Release|Any CPU
	EndGlobalSection
	GlobalSection(ProjectConfigurationPlatforms) = postSolution
		{F723F510-373C-434B-8830-C25215F53EF6}.Debug|Any CPU.ActiveCfg = Debug|Any CPU
		{F723F510-373C-434B-8830-C25215F53EF6}.Debug|Any CPU.Build.0 = Debug|Any CPU
		{F723F510-373C-434B-8830-C25215F53EF6}.Release|Any CPU.ActiveCfg = Release|Any CPU
		{F723F510-373C-434B-8830-C25215F53EF6}.Release|Any CPU.Build.0 = Release|Any CPU
	EndGlobalSection
	GlobalSection(SolutionProperties) = preSolution
		HideSolutionNode = FALSE
	EndGlobalSection
	GlobalSection(ExtensibilityGlobals) = postSolution
		SolutionGuid = {005802BB-79B9-456B-ACB0-CF087B75C61E}
	EndGlobalSection
EndGlobal
